{
    "_meta": {
        "hash": {
            "sha256": "e7dd07c924b2b1ed4b74d5ebe3455d636adaa63f8718ea7272ec1f7dc3c22485"
        },
        "pipfile-spec": 6,
        "requires": {
            "python_version": "3.10"
        },
        "sources": [
            {
                "name": "pypi",
                "url": "https://pypi.org/simple",
                "verify_ssl": true
            }
        ]
    },
    "default": {
        "cvxpy": {
            "hashes": [
                "sha256:08711eda2b7c371b67450e1e7de98223b4940a89b065e3295777b184b9e9131b",
                "sha256:0da15d10459908d1964cf2f35c706a99150ab22a1243d98796943d7daa43aa95",
                "sha256:0ed7e4b4bbcc80a55582e62d5688e2202f33dde3d0fceb23c81373dc6257d745",
                "sha256:21efdff59d3128b23c18f1a0c82bc8cf177ac40de0c10aece4e7536c4b942abe",
                "sha256:4e081576a625255bd3949d8d7f751a5d0175b2db512673e0ebc19fcabdfdb60a",
                "sha256:55b1cdbfb7fb7eba53077b5154d5287e8a0d31404eb342737eb1db360a265eef",
                "sha256:6d67642643d1ddb2f2af59b466b87d42c4a2e367831ad7b43c33b59eefa5b50e",
                "sha256:8861a12efa88e626fd932eb5ca8e5b97bc55efaba0a4b580265990ae3b29f323",
                "sha256:89125916eb98a0f3da326d5a70853eea2a911cbded1235827ee23d0556ff80e4",
                "sha256:8d51712e1f5cee68de1068a28d72d4ca855acae7162ded3872fa7bd46b9051d3",
                "sha256:8df52e9b0817d15814f3cdc7861c65b6f4e5554d90429fe4cfecb7bdd91994cf",
                "sha256:94ad386214e8b92b990caa2e3367cf503b03c0ded8ba4d3a4b916fe310bac97f",
                "sha256:b6a3d1e5f37c6bb01cbaf1e6574c805499ef60619ca0dcac4927c403c4a6f46c",
                "sha256:e0f85757a936905c64f92e84b06e04d0bc9e7b8ab932ebf9b0c7e80949b60160",
                "sha256:e98a5aadf033ab9b8f7c0e3aca920e4413ca181cd6eaa18c7c3386225bfbcb19",
                "sha256:f76d5740bcfd968cf3601c98c709ca5279886c2b47829cbfe85f48e37ec0844b"
            ],
            "index": "pypi",
            "version": "==1.2.1"
        },
        "ecos": {
            "hashes": [
                "sha256:13cfe9a4134b7a2f3a8f4b8d88ce5d5106bac3d168c356b0d77e1dd2ea9dc42d",
                "sha256:14deff01083fe8f54c52bee8f678eaebae54bc1eecce276324bf8ce30c306778",
                "sha256:48948eadd2e45dd9766f0686e3de27cc6ae8e9dc85c1a2139f712b9703b0374c",
                "sha256:533e1a0dec84e4e9a882b401a59b821da192f7fe4f32c6d65e400b6425858775",
                "sha256:6bfe0211b99094efea0c469abbd64a7f6b991dcf0a8bed7c591c6218607a9504",
                "sha256:6ed5ee0610b06911b6839e095a392cce52f8d88bedf86a381a9ed93c3af2a677",
                "sha256:8a116ebad51aeb8847ddf05bb1e432f56f6a495682406f237a7f1633374b8356",
                "sha256:8f64207b256ec8ee2ee54411927604b10e56b554bd608c7af5529c3bea93eafd",
                "sha256:9391a73fd25b2fc56b163a2a70c78973458bb194fe475b6c27672c0d980a47cf",
                "sha256:98c8e3b7247e7c63852974a9c4b1acc5804269b50a1aba3447220cad5e4c617f",
                "sha256:9b1e8134e822583f457d7759cab030e6076732bcbe977ceb1c64d8fe99c17bc3",
                "sha256:ae8bf83a9146741faaf36448eaeeef83b4dd7a9e88b80fe0e89b03d403e3096c",
                "sha256:b25f75808a2e136b8adc9c4dca0f3c56fc8d8256fb3c19cd162194125b4e52a9",
                "sha256:d1b7058c71808cb35e16217b832d2bf944f9a64ef852f6bd707ae66b474071e6",
                "sha256:d5944f9acdfd1d23fb16a22da1e78ae98981c283e16a27fbd7cf3d52e670222b",
                "sha256:d8afaeb204c6cbb706ebee218e3817a735ba9f7b33edc20844e6fda54946403c"
            ],
            "version": "==2.0.10"
        },
        "networkx": {
            "hashes": [
                "sha256:2a30822761f34d56b9a370d96a4bf4827a535f5591a4078a453425caeba0c5bb",
                "sha256:bd2b7730300860cbd2dafe8e5af89ff5c9a65c3975b352799d87a6238b4301a6"
            ],
            "index": "pypi",
            "version": "==2.8.6"
        },
        "numpy": {
            "hashes": [
                "sha256:004f0efcb2fe1c0bd6ae1fcfc69cc8b6bf2407e0f18be308612007a0762b4089",
                "sha256:09f6b7bdffe57fc61d869a22f506049825d707b288039d30f26a0d0d8ea05164",
                "sha256:0ea3f98a0ffce3f8f57675eb9119f3f4edb81888b6874bc1953f91e0b1d4f440",
                "sha256:17c0e467ade9bda685d5ac7f5fa729d8d3e76b23195471adae2d6a6941bd2c18",
                "sha256:1f27b5322ac4067e67c8f9378b41c746d8feac8bdd0e0ffede5324667b8a075c",
                "sha256:22d43376ee0acd547f3149b9ec12eec2f0ca4a6ab2f61753c5b29bb3e795ac4d",
                "sha256:2ad3ec9a748a8943e6eb4358201f7e1c12ede35f510b1a2221b70af4bb64295c",
                "sha256:301c00cf5e60e08e04d842fc47df641d4a181e651c7135c50dc2762ffe293dbd",
                "sha256:39a664e3d26ea854211867d20ebcc8023257c1800ae89773cbba9f9e97bae036",
                "sha256:51bf49c0cd1d52be0a240aa66f3458afc4b95d8993d2d04f0d91fa60c10af6cd",
                "sha256:78a63d2df1d947bd9d1b11d35564c2f9e4b57898aae4626638056ec1a231c40c",
                "sha256:7cd1328e5bdf0dee621912f5833648e2daca72e3839ec1d6695e91089625f0b4",
                "sha256:8355fc10fd33a5a70981a5b8a0de51d10af3688d7a9e4a34fcc8fa0d7467bb7f",
                "sha256:8c79d7cf86d049d0c5089231a5bcd31edb03555bd93d81a16870aa98c6cfb79d",
                "sha256:91b8d6768a75247026e951dce3b2aac79dc7e78622fc148329135ba189813584",
                "sha256:94c15ca4e52671a59219146ff584488907b1f9b3fc232622b47e2cf832e94fb8",
                "sha256:98dcbc02e39b1658dc4b4508442a560fe3ca5ca0d989f0df062534e5ca3a5c1a",
                "sha256:a64403f634e5ffdcd85e0b12c08f04b3080d3e840aef118721021f9b48fc1460",
                "sha256:bc6e8da415f359b578b00bcfb1d08411c96e9a97f9e6c7adada554a0812a6cc6",
                "sha256:bdc9febce3e68b697d931941b263c59e0c74e8f18861f4064c1f712562903411",
                "sha256:c1ba66c48b19cc9c2975c0d354f24058888cdc674bebadceb3cdc9ec403fb5d1",
                "sha256:c9f707b5bb73bf277d812ded9896f9512a43edff72712f31667d0a8c2f8e71ee",
                "sha256:d5422d6a1ea9b15577a9432e26608c73a78faf0b9039437b075cf322c92e98e7",
                "sha256:e5d5420053bbb3dd64c30e58f9363d7a9c27444c3648e61460c1237f9ec3fa14",
                "sha256:e868b0389c5ccfc092031a861d4e158ea164d8b7fdbb10e3b5689b4fc6498df6",
                "sha256:efd9d3abe5774404becdb0748178b48a218f1d8c44e0375475732211ea47c67e",
                "sha256:f8c02ec3c4c4fcb718fdf89a6c6f709b14949408e8cf2a2be5bfa9c49548fd85",
                "sha256:ffcf105ecdd9396e05a8e58e81faaaf34d3f9875f137c7372450baa5d77c9a54"
            ],
            "index": "pypi",
            "version": "==1.23.3"
        },
        "osqp": {
            "hashes": [
                "sha256:26664bd4238f0f92642f532b23e61efba810a6debba0b3117300749f801e9c25",
                "sha256:4ca601c5008600b3e0a408339be21f9d626c497b0b0c4dbe4ffe6d6dbbed1b9f",
                "sha256:51a315e02a4cb42e1911047ec6b2a44b67a269d4b5d37d7ee737654206915c82",
                "sha256:648cb4e34caf0ee948b34a1d0b184f5233e30009090884e0d75503f868bf7b1f",
                "sha256:73a307a93fa7ab68b610e08637c95940070a27f11fda5a2e7a7095cfaff3f0ef",
                "sha256:77408f93ed261581fe498505c69480fb8584c8c0da2a2cd0710bb4bae0c872f5",
                "sha256:8003fc363f707daa46fef3af548e6a580372154d6cd49a7bf2f569ba5f807d15",
                "sha256:8c2e40e6788b860887d584a9929ad1c0e436aab8f82bb24da7b165034cb04017",
                "sha256:908d42fb5d1d9cb36d74a8f3db69384ed1813f1a3e755367557395ce7cf05e16",
                "sha256:b1e30d6fa10ed11a95023d7308ec1588de3f5b049d09a4d0cc49e057f8e9ce47",
                "sha256:b2fa17aae42a7ed498ec261b33f262bb4b3605e7e8464062159d9fae817f0d61",
                "sha256:c07602c8747ce7a177d091bb6d47ce8f214997a86b7577ddee4adae43e9ac92f",
                "sha256:c23bb95e6f72c6b253737edb9e4ef47ceccc3d891c287041ed5fe5f173d317bb",
                "sha256:c7b3ae95221ad6f607dc4a69f36b7a0c71ca434ce85dcbf5cfa084770be5b249",
                "sha256:c9470c5d58535d31080cb693568916a3e837f09dfa94819a85284b36b3626738",
                "sha256:ff71646bc9d55c5b3a72cc9b4197e51c36d25d8b2bb81f975d3ce7772ff188ec"
            ],
            "version": "==0.6.2.post5"
        },
        "pot": {
            "hashes": [
                "sha256:02da730208e087abb199eef38d388a6e78799f7e4c1b78c8350c5d11fef99481",
                "sha256:09dcf580cf91378837ea0cefa3e62b2d62e5ccbc3a5b954575b82e5bae43c405",
                "sha256:0b11dae9309c181d277e96ccf91927d5de47102c268ee554e410cf222e982d07",
                "sha256:0f1da47ad0ff3e8a370542ab69cd6909bb3cbd038f442fe6b6eb5fa020a12a34",
                "sha256:110c88e2e016ecd9bc9d5511067f1845af4c1f660fd0128205dbe5e88ca4913e",
                "sha256:15de7425ba09a5281b760dfa199454edd427178c7da00f9da4ba53965f6eba86",
                "sha256:2a047a57e7cca0821a43b69e5be2d33bc31cef3b2d09a227794ce20c6e80ecd1",
                "sha256:2ddf094a1e1788a1ba6266af4c5f6ef57a9eb37645eec8e8fda5ef9f233c0515",
                "sha256:32fc319f10ee80e942c44bcc1efe7e118240235c39a487d405b6294ff9116d28",
                "sha256:3ca9ae3c8f370cfcbb4643a01c73dd3c9273e4d4ff7e9af5db70154f34cbc204",
                "sha256:4247436eb4f13082a53561c419579d30c79b00a975f41e6375ce5377362987db",
                "sha256:4cb7bfea91407b303f476163e25a1ef9e623fae37d279ab49a7a43344dd31906",
                "sha256:6244cf659ba885c08f5872b22c86a39d05280410a818c37004efc69f8b9a24ed",
                "sha256:6ac9030cb37dedc22210035cf03acfdd1060e7d8ed69dac8a239a4eab282929c",
                "sha256:71ecf6a8504f1620a91a68e31d70fd4cb532cdb962de651b697c8b70f199bacc",
                "sha256:750b5fc09f730bef290176efb7ec5870acd4f3319f66bb417b3d38eebc58aada",
                "sha256:80a6519f503a61dd72281005c9c274c20ceeef364afbee699000b3ae1f828d79",
                "sha256:82e0f8ded05e6784453d983354133eb8b9f66ff9203cd2ba3545a8d0397aee63",
                "sha256:860829caaa2452301ca6c62595e7e73a30930f5553f23a6d6bd9c2bf149444ca",
                "sha256:920e7db3c887a0155b601b530db57f7fe5c84279e74c586484f8f71cf18a3f19",
                "sha256:9a721f9f516506ce7d148e93954409dc7abf550a71381608903814ef4bf59ca4",
                "sha256:a0c50fea351d1377829865ea7590cd8e525c26b00f5d6cff903047f78a4274a4",
                "sha256:a0f982d1d1ff42cc5c3945d3b34d4edcbb1edfe10dd0a9bced731a0a62dd64df",
                "sha256:cc42f0ccbc3434f66c7738050a082aba240fbdd953f54f25d66ccd07aa543928",
                "sha256:d23affa522b69252436e7b9a94c8ac73f93513973c1bc3dc527f87f91b3581bc",
                "sha256:d933b6cda00fa22dbc02f45554953e4b39105d178c83d00fc32091cd2cd050ba",
                "sha256:dd62e03707ef173368e4d67307c7820e74a8553ece53723210c157ec47cc2ec6",
                "sha256:df15c25869a2a0782fe48f15ca6f2eb016349bd174c571afd38496d7eba7fe2d",
                "sha256:df301b12abfe1e53f410cbb7026f7f45065ea1f0de1f32dd6e87a290f0b4e7dd",
                "sha256:e7172cc2ad5b3a806f9c8405573c9735d497653492812c0034bf4ec576c43b13",
                "sha256:f8e0d7feb5b42002311624244393869fdace5b244849c4d7c87b104f9bae3f41"
            ],
            "index": "pypi",
            "version": "==0.8.2"
        },
        "qdldl": {
            "hashes": [
                "sha256:05b3079837c0ec86136b4a29b3842eab7bfc7a5517d751a3e5d0d5c111a2e523",
                "sha256:15d0fbff31aa19195b135ca934cf75025d46a275d915eebb7c11a7d16e148096",
                "sha256:227fe8988a86b9f9ed341ad20d11502789b4d05bceddb09a47dbb24b08d79966",
                "sha256:408a34b735be5425dc088cdebb1129f0f5d8cc9fd8c888fc9ed0bd1a02a65d6f",
                "sha256:438b303b8b7b95531d93b457657ec89e742bd90c9a72da1eebfb51095007922c",
                "sha256:5269f40521b12941f1334a162f8f06375df6a89f0f90d8a758ae3b83b8931b18",
                "sha256:53b19b8509f529fa6fdc8f869f6172d5c89587b657aa24d958d339de3bc47a73",
                "sha256:655f5e83c9e46f2d9b32508852d92b6e8fa6d166a6f48960aac54e81cd578417",
                "sha256:7daf7ad1bfff1da71da06e82d5147bdb1ac866581617d8f06cc4eeda48e2a149",
                "sha256:879cd43b41babda79d4896f6b5a79dfbf96be5f13489553c793659116a2e9ce4",
                "sha256:ab77ca440cbca98377e3ade32860c8d7e4fa97759d6266759a7e2f718ec4ded1",
                "sha256:ae054e987066ae861c0bc648a7cdd523cfb1849353bc9b1591ecbf2a55ca8b7d",
                "sha256:ae0b70e7599dd58ef16d6500947b8d2bdd4272ffbbd2ebf5c516691fdfb82212",
                "sha256:d6f0f55bb853f10e3a2025193af2d1cc202697cc7985fe7785d681114c5b3cdb",
                "sha256:fa7057d8888ea8ebba859da8b25d40e10e2f12013f6b0b033c9ab6e68cd10763",
                "sha256:ffbdd5bd07f2340ad2ce01d44cc95223ffa256136ac5dc32f4f80926701640fb"
            ],
            "version": "==0.1.5.post2"
        },
        "scipy": {
            "hashes": [
                "sha256:0419485dbcd0ed78c0d5bf234c5dd63e86065b39b4d669e45810d42199d49521",
                "sha256:09412eb7fb60b8f00b328037fd814d25d261066ebc43a1e339cdce4f7502877e",
                "sha256:26d28c468900e6d5fdb37d2812ab46db0ccd22c63baa095057871faa3a498bc9",
                "sha256:34441dfbee5b002f9e15285014fd56e5e3372493c3e64ae297bae2c4b9659f5a",
                "sha256:39ab9240cd215a9349c85ab908dda6d732f7d3b4b192fa05780812495536acc4",
                "sha256:3bc1ab68b9a096f368ba06c3a5e1d1d50957a86665fc929c4332d21355e7e8f4",
                "sha256:3c6f5d1d4b9a5e4fe5e14f26ffc9444fc59473bbf8d45dc4a9a15283b7063a72",
                "sha256:47d1a95bd9d37302afcfe1b84c8011377c4f81e33649c5a5785db9ab827a6ade",
                "sha256:71487c503e036740635f18324f62a11f283a632ace9d35933b2b0a04fd898c98",
                "sha256:7a412c476a91b080e456229e413792bbb5d6202865dae963d1e6e28c2bb58691",
                "sha256:825951b88f56765aeb6e5e38ac9d7d47407cfaaeb008d40aa1b45a2d7ea2731e",
                "sha256:8cc81ac25659fec73599ccc52c989670e5ccd8974cf34bacd7b54a8d809aff1a",
                "sha256:8d3faa40ac16c6357aaf7ea50394ea6f1e8e99d75e927a51102b1943b311b4d9",
                "sha256:90c805f30c46cf60f1e76e947574f02954d25e3bb1e97aa8a07bc53aa31cf7d1",
                "sha256:96d7cf7b25c9f23c59a766385f6370dab0659741699ecc7a451f9b94604938ce",
                "sha256:b97b479f39c7e4aaf807efd0424dec74bbb379108f7d22cf09323086afcd312c",
                "sha256:bc4e2c77d4cd015d739e75e74ebbafed59ba8497a7ed0fd400231ed7683497c4",
                "sha256:c61b4a91a702e8e04aeb0bfc40460e1f17a640977c04dda8757efb0199c75332",
                "sha256:d79da472015d0120ba9b357b28a99146cd6c17b9609403164b1a8ed149b4dfc8",
                "sha256:e8fe305d9d67a81255e06203454729405706907dccbdfcc330b7b3482a6c371d",
                "sha256:eb954f5aca4d26f468bbebcdc5448348eb287f7bea536c6306f62ea062f63d9a",
                "sha256:f7c39f7dbb57cce00c108d06d731f3b0e2a4d3a95c66d96bce697684876ce4d4",
                "sha256:f950a04b33e17b38ff561d5a0951caf3f5b47caa841edd772ffb7959f20a6af0"
            ],
            "index": "pypi",
            "version": "==1.9.1"
        },
        "scs": {
            "hashes": [
                "sha256:0db0c7f4bd58dd7393d75aeb937854067297e26a3714c413c072bbaed069de05",
                "sha256:1ec501ed06cc07bf291256c3ed0a5a02361ef655aee3e034a5cbc0acfc12c6e2",
                "sha256:390770e9af094f81f9c30ce11f119131e1db71f4663d28e1ec5c4fdbe9bf77b0",
                "sha256:438514dea72896805f15f0f66596393217abb3072c2be53f894b176866f00be4",
                "sha256:4532a19e05cd7f115aa724606d0e39a72bbee366f5952d8e90d58954979eeb49",
                "sha256:6a180d86f61999db50b6a305872056b798740c87c4245006924dd654b6a998dd",
                "sha256:727d14eb509430c6f1524d97a7195d35241afde0514df2658d6d5adcf6db3342",
                "sha256:76aa5b5d0b1baef4b675d1cde24da39b9bb7cbc6e05d437fd0c33071ca1de364",
                "sha256:9f8de9e078a1455dbb1995ce4494d9f88c5bf345f6e89c84714ebb89a7121593",
                "sha256:a4c86eeadcb40350b74721d655fb9a8eb7e16ed2962fe4ae64473d0d47d276a1",
                "sha256:ab1c5fada8b19d5413b4cfad9ede834d4cfdd479cc77598d927003657177b3f2",
                "sha256:b559307b1ffcd72d1e8ecf6473c047834c546f65b1a90f560265dd5b24c36ba1",
                "sha256:f3153e032f22c86f4b3c0024b6dca517dd243c7e26c01ccdd7747198af44a9f8",
                "sha256:f501e270b000ab61f8cde7793e8e44bec161cb7087944d8404bb3744b44ac932",
                "sha256:fafefeec16d6d9117629b4776e54da5adb40200888fce9519e4b017931d2062a",
                "sha256:fc5241cbc1da00b38a2c24a6ea427ee9f771879b9d7e9f5a8ff48bb2e270cdfd"
            ],
            "version": "==3.2.0"
        },
        "torch": {
            "hashes": [
                "sha256:03e31c37711db2cd201e02de5826de875529e45a55631d317aadce2f1ed45aa8",
                "sha256:0b44601ec56f7dd44ad8afc00846051162ef9c26a8579dda0a02194327f2d55e",
                "sha256:42e115dab26f60c29e298559dbec88444175528b729ae994ec4c65d56fe267dd",
                "sha256:42f639501928caabb9d1d55ddd17f07cd694de146686c24489ab8c615c2871f2",
                "sha256:4e1b9c14cf13fd2ab8d769529050629a0e68a6fc5cb8e84b4a3cc1dd8c4fe541",
                "sha256:68104e4715a55c4bb29a85c6a8d57d820e0757da363be1ba680fa8cc5be17b52",
                "sha256:69fe2cae7c39ccadd65a123793d30e0db881f1c1927945519c5c17323131437e",
                "sha256:6cf6f54b43c0c30335428195589bd00e764a6d27f3b9ba637aaa8c11aaf93073",
                "sha256:743784ccea0dc8f2a3fe6a536bec8c4763bd82c1352f314937cb4008d4805de1",
                "sha256:8a34a2fbbaa07c921e1b203f59d3d6e00ed379f2b384445773bd14e328a5b6c8",
                "sha256:976c3f997cea38ee91a0dd3c3a42322785414748d1761ef926b789dfa97c6134",
                "sha256:9b356aea223772cd754edb4d9ecf2a025909b8615a7668ac7d5130f86e7ec421",
                "sha256:9c038662db894a23e49e385df13d47b2a777ffd56d9bcd5b832593fab0a7e286",
                "sha256:a8320ba9ad87e80ca5a6a016e46ada4d1ba0c54626e135d99b2129a4541c509d",
                "sha256:b5dbcca369800ce99ba7ae6dee3466607a66958afca3b740690d88168752abcf",
                "sha256:bfec2843daa654f04fda23ba823af03e7b6f7650a873cdb726752d0e3718dada",
                "sha256:cd26d8c5640c3a28c526d41ccdca14cf1cbca0d0f2e14e8263a7ac17194ab1d2",
                "sha256:e9c8f4a311ac29fc7e8e955cfb7733deb5dbe1bdaabf5d4af2765695824b7e0d",
                "sha256:f00c721f489089dc6364a01fd84906348fe02243d0af737f944fddb36003400d",
                "sha256:f3b52a634e62821e747e872084ab32fbcb01b7fa7dbb7471b6218279f02a178a"
            ],
            "index": "pypi",
            "version": "==1.12.1"
        },
        "typing-extensions": {
            "hashes": [
                "sha256:25642c956049920a5aa49edcdd6ab1e06d7e5d467fc00e0506c44ac86fbfca02",
                "sha256:e6d2677a32f47fc7eb2795db1dd15c1f34eff616bcaf2cfb5e997f854fa1c4a6"
            ],
            "markers": "python_full_version >= '3.7.0'",
            "version": "==4.3.0"
        }
    },
    "develop": {}
}
